
Microsoft Visual Studio Solution File, Format Version 12.00
# Visual Studio Version 16
VisualStudioVersion = 16.0.30517.126
MinimumVisualStudioVersion = 10.0.40219.1
Project("{9A19103F-16F7-4668-BE54-9A1E7A4F7556}") = "Prestamos", "Prestamos.csproj", "{32EE0775-8CF6-43C5-8200-2351214DF6E5}"
EndProject
Global
	GlobalSection(SolutionConfigurationPlatforms) = preSolution
		Debug|Any CPU = Debug|Any CPU
		Release|Any CPU = Release|Any CPU
	EndGlobalSection
	GlobalSection(ProjectConfigurationPlatforms) = postSolution
		{32EE0775-8CF6-43C5-8200-2351214DF6E5}.Debug|Any CPU.ActiveCfg = Debug|Any CPU
		{32EE0775-8CF6-43C5-8200-2351214DF6E5}.Debug|Any CPU.Build.0 = Debug|Any CPU
		{32EE0775-8CF6-43C5-8200-2351214DF6E5}.Release|Any CPU.ActiveCfg = Release|Any CPU
		{32EE0775-8CF6-43C5-8200-2351214DF6E5}.Release|Any CPU.Build.0 = Release|Any CPU
	EndGlobalSection
	GlobalSection(SolutionProperties) = preSolution
		HideSolutionNode = FALSE
	EndGlobalSection
	GlobalSection(ExtensibilityGlobals) = postSolution
		SolutionGuid = {A37969FA-B69E-49F7-A17F-69AE65F1E6B1}
	EndGlobalSection
EndGlobal
